
Microsoft Visual Studio Solution File, Format Version 12.00
# Visual Studio Version 17
VisualStudioVersion = 17.6.33815.320
MinimumVisualStudioVersion = 10.0.40219.1
Project("{9A19103F-16F7-4668-BE54-9A1E7A4F7556}") = "Territorios", "Territorios\Territorios.csproj", "{8EF4754E-A18F-4933-87A9-26D8EC33E265}"
EndProject
Project("{FAE04EC0-301F-11D3-BF4B-00C04F79EFBC}") = "DBOperations", "DBOperations\DBOperations.csproj", "{7D1256C8-1AF5-4EF1-8651-E685230C7C12}"
EndProject
Project("{FAE04EC0-301F-11D3-BF4B-00C04F79EFBC}") = "Models", "Models\Models.csproj", "{17810B9F-06A9-4C72-A28E-EC3287EEA090}"
EndProject
Global
	GlobalSection(SolutionConfigurationPlatforms) = preSolution
		Debug|Any CPU = Debug|Any CPU
		Release|Any CPU = Release|Any CPU
	EndGlobalSection
	GlobalSection(ProjectConfigurationPlatforms) = postSolution
		{8EF4754E-A18F-4933-87A9-26D8EC33E265}.Debug|Any CPU.ActiveCfg = Debug|Any CPU
		{8EF4754E-A18F-4933-87A9-26D8EC33E265}.Debug|Any CPU.Build.0 = Debug|Any CPU
		{8EF4754E-A18F-4933-87A9-26D8EC33E265}.Release|Any CPU.ActiveCfg = Release|Any CPU
		{8EF4754E-A18F-4933-87A9-26D8EC33E265}.Release|Any CPU.Build.0 = Release|Any CPU
		{7D1256C8-1AF5-4EF1-8651-E685230C7C12}.Debug|Any CPU.ActiveCfg = Debug|Any CPU
		{7D1256C8-1AF5-4EF1-8651-E685230C7C12}.Debug|Any CPU.Build.0 = Debug|Any CPU
		{7D1256C8-1AF5-4EF1-8651-E685230C7C12}.Release|Any CPU.ActiveCfg = Release|Any CPU
		{7D1256C8-1AF5-4EF1-8651-E685230C7C12}.Release|Any CPU.Build.0 = Release|Any CPU
		{17810B9F-06A9-4C72-A28E-EC3287EEA090}.Debug|Any CPU.ActiveCfg = Debug|Any CPU
		{17810B9F-06A9-4C72-A28E-EC3287EEA090}.Debug|Any CPU.Build.0 = Debug|Any CPU
		{17810B9F-06A9-4C72-A28E-EC3287EEA090}.Release|Any CPU.ActiveCfg = Release|Any CPU
		{17810B9F-06A9-4C72-A28E-EC3287EEA090}.Release|Any CPU.Build.0 = Release|Any CPU
	EndGlobalSection
	GlobalSection(SolutionProperties) = preSolution
		HideSolutionNode = FALSE
	EndGlobalSection
	GlobalSection(ExtensibilityGlobals) = postSolution
		SolutionGuid = {AE22E60D-8E55-4F2B-A309-87A4B752E91D}
	EndGlobalSection
EndGlobal
